
Microsoft Visual Studio Solution File, Format Version 12.00
# Visual Studio 15
VisualStudioVersion = 15.0.28307.421
MinimumVisualStudioVersion = 10.0.40219.1
Project("{FAE04EC0-301F-11D3-BF4B-00C04F79EFBC}") = "Mobile.Android", "Mobile.Android\Mobile.Android.csproj", "{F8040D78-DDFE-4D4B-8E2F-3AAA2AFB0B38}"
EndProject
Project("{FAE04EC0-301F-11D3-BF4B-00C04F79EFBC}") = "Mobile", "Mobile\Mobile.csproj", "{F9F4AD56-E0ED-4E71-8525-7BCB12CE0E44}"
EndProject
Global
	GlobalSection(SolutionConfigurationPlatforms) = preSolution
		Debug|Any CPU = Debug|Any CPU
		Release|Any CPU = Release|Any CPU
	EndGlobalSection
	GlobalSection(ProjectConfigurationPlatforms) = postSolution
		{F8040D78-DDFE-4D4B-8E2F-3AAA2AFB0B38}.Debug|Any CPU.ActiveCfg = Debug|Any CPU
		{F8040D78-DDFE-4D4B-8E2F-3AAA2AFB0B38}.Debug|Any CPU.Build.0 = Debug|Any CPU
		{F8040D78-DDFE-4D4B-8E2F-3AAA2AFB0B38}.Debug|Any CPU.Deploy.0 = Debug|Any CPU
		{F8040D78-DDFE-4D4B-8E2F-3AAA2AFB0B38}.Release|Any CPU.ActiveCfg = Release|Any CPU
		{F8040D78-DDFE-4D4B-8E2F-3AAA2AFB0B38}.Release|Any CPU.Build.0 = Release|Any CPU
		{F8040D78-DDFE-4D4B-8E2F-3AAA2AFB0B38}.Release|Any CPU.Deploy.0 = Release|Any CPU
		{F9F4AD56-E0ED-4E71-8525-7BCB12CE0E44}.Debug|Any CPU.ActiveCfg = Debug|Any CPU
		{F9F4AD56-E0ED-4E71-8525-7BCB12CE0E44}.Debug|Any CPU.Build.0 = Debug|Any CPU
		{F9F4AD56-E0ED-4E71-8525-7BCB12CE0E44}.Debug|Any CPU.Deploy.0 = Debug|Any CPU
		{F9F4AD56-E0ED-4E71-8525-7BCB12CE0E44}.Release|Any CPU.ActiveCfg = Release|Any CPU
		{F9F4AD56-E0ED-4E71-8525-7BCB12CE0E44}.Release|Any CPU.Build.0 = Release|Any CPU
		{F9F4AD56-E0ED-4E71-8525-7BCB12CE0E44}.Release|Any CPU.Deploy.0 = Release|Any CPU
	EndGlobalSection
	GlobalSection(SolutionProperties) = preSolution
		HideSolutionNode = FALSE
	EndGlobalSection
	GlobalSection(ExtensibilityGlobals) = postSolution
		SolutionGuid = {CAE33AD0-3EA4-422A-992F-1CC27823BD35}
	EndGlobalSection
EndGlobal
