
Microsoft Visual Studio Solution File, Format Version 12.00
# Visual Studio 15
VisualStudioVersion = 15.0.28307.329
MinimumVisualStudioVersion = 10.0.40219.1
Project("{9A19103F-16F7-4668-BE54-9A1E7A4F7556}") = "Api", "Api\Api.csproj", "{FFD12AA5-C6DB-491B-B6C0-84043A786619}"
EndProject
Project("{9A19103F-16F7-4668-BE54-9A1E7A4F7556}") = "Sdk", "Sdk\Sdk.csproj", "{88FABE7D-B793-4A2B-97DC-CD7AA781463D}"
EndProject
Global
	GlobalSection(SolutionConfigurationPlatforms) = preSolution
		Debug|Any CPU = Debug|Any CPU
		Release|Any CPU = Release|Any CPU
	EndGlobalSection
	GlobalSection(ProjectConfigurationPlatforms) = postSolution
		{FFD12AA5-C6DB-491B-B6C0-84043A786619}.Debug|Any CPU.ActiveCfg = Debug|Any CPU
		{FFD12AA5-C6DB-491B-B6C0-84043A786619}.Debug|Any CPU.Build.0 = Debug|Any CPU
		{FFD12AA5-C6DB-491B-B6C0-84043A786619}.Release|Any CPU.ActiveCfg = Release|Any CPU
		{FFD12AA5-C6DB-491B-B6C0-84043A786619}.Release|Any CPU.Build.0 = Release|Any CPU
		{88FABE7D-B793-4A2B-97DC-CD7AA781463D}.Debug|Any CPU.ActiveCfg = Debug|Any CPU
		{88FABE7D-B793-4A2B-97DC-CD7AA781463D}.Debug|Any CPU.Build.0 = Debug|Any CPU
		{88FABE7D-B793-4A2B-97DC-CD7AA781463D}.Release|Any CPU.ActiveCfg = Release|Any CPU
		{88FABE7D-B793-4A2B-97DC-CD7AA781463D}.Release|Any CPU.Build.0 = Release|Any CPU
	EndGlobalSection
	GlobalSection(SolutionProperties) = preSolution
		HideSolutionNode = FALSE
	EndGlobalSection
	GlobalSection(ExtensibilityGlobals) = postSolution
		SolutionGuid = {7D030E3E-DB99-4D26-BB85-0B1E42681057}
	EndGlobalSection
EndGlobal
